// !$*UTF8*$!
{
	archiveVersion = 1;
	classes = {
	};
	objectVersion = 55;
	objects = {

/* Begin PBXBuildFile section */
		D6D47AC9278EC37400AF3154 /* AppDelegate.swift in Sources */ = {isa = PBXBuildFile; fileRef = D6D47AC8278EC37400AF3154 /* AppDelegate.swift */; };
		D6D47ACB278EC37400AF3154 /* SceneDelegate.swift in Sources */ = {isa = PBXBuildFile; fileRef = D6D47ACA278EC37400AF3154 /* SceneDelegate.swift */; };
		D6D47AD0278EC37400AF3154 /* Main.storyboard in Resources */ = {isa = PBXBuildFile; fileRef = D6D47ACE278EC37400AF3154 /* Main.storyboard */; };
		D6D47AD2278EC37B00AF3154 /* Assets.xcassets in Resources */ = {isa = PBXBuildFile; fileRef = D6D47AD1278EC37B00AF3154 /* Assets.xcassets */; };
		D6D47AD5278EC37B00AF3154 /* LaunchScreen.storyboard in Resources */ = {isa = PBXBuildFile; fileRef = D6D47AD3278EC37B00AF3154 /* LaunchScreen.storyboard */; };
		D6D47ADD278EC45200AF3154 /* InstagramMainCollectionViewController.swift in Sources */ = {isa = PBXBuildFile; fileRef = D6D47ADC278EC45200AF3154 /* InstagramMainCollectionViewController.swift */; };
		D6D47ADF278EC4A000AF3154 /* ImageCollectionViewCell.swift in Sources */ = {isa = PBXBuildFile; fileRef = D6D47ADE278EC4A000AF3154 /* ImageCollectionViewCell.swift */; };
		D6D47AE1278EDC4D00AF3154 /* InstagramProfileCollectionReusableView.swift in Sources */ = {isa = PBXBuildFile; fileRef = D6D47AE0278EDC4C00AF3154 /* InstagramProfileCollectionReusableView.swift */; };
		D6D47AE3278FBEBE00AF3154 /* APIDataStructure.swift in Sources */ = {isa = PBXBuildFile; fileRef = D6D47AE2278FBEBD00AF3154 /* APIDataStructure.swift */; };
		D6DF031C278FD7AA00C7305B /* InstagramProfileData.swift in Sources */ = {isa = PBXBuildFile; fileRef = D6DF031B278FD7AA00C7305B /* InstagramProfileData.swift */; };
		D6DF031E278FD86200C7305B /* InstagramPostData.swift in Sources */ = {isa = PBXBuildFile; fileRef = D6DF031D278FD86200C7305B /* InstagramPostData.swift */; };
		D6DF03212790098900C7305B /* InstagramPostTableViewController.swift in Sources */ = {isa = PBXBuildFile; fileRef = D6DF03202790098900C7305B /* InstagramPostTableViewController.swift */; };
		D6DF032327900F4F00C7305B /* PostTableViewCell.swift in Sources */ = {isa = PBXBuildFile; fileRef = D6DF032227900F4F00C7305B /* PostTableViewCell.swift */; };
		D6DF03262791342100C7305B /* TabBarController.swift in Sources */ = {isa = PBXBuildFile; fileRef = D6DF03252791342100C7305B /* TabBarController.swift */; };
/* End PBXBuildFile section */

/* Begin PBXFileReference section */
		D6D47AC5278EC37400AF3154 /* Homework54IGJSON.app */ = {isa = PBXFileReference; explicitFileType = wrapper.application; includeInIndex = 0; path = Homework54IGJSON.app; sourceTree = BUILT_PRODUCTS_DIR; };
		D6D47AC8278EC37400AF3154 /* AppDelegate.swift */ = {isa = PBXFileReference; lastKnownFileType = sourcecode.swift; path = AppDelegate.swift; sourceTree = "<group>"; };
		D6D47ACA278EC37400AF3154 /* SceneDelegate.swift */ = {isa = PBXFileReference; lastKnownFileType = sourcecode.swift; path = SceneDelegate.swift; sourceTree = "<group>"; };
		D6D47ACF278EC37400AF3154 /* Base */ = {isa = PBXFileReference; lastKnownFileType = file.storyboard; name = Base; path = Base.lproj/Main.storyboard; sourceTree = "<group>"; };
		D6D47AD1278EC37B00AF3154 /* Assets.xcassets */ = {isa = PBXFileReference; lastKnownFileType = folder.assetcatalog; path = Assets.xcassets; sourceTree = "<group>"; };
		D6D47AD4278EC37B00AF3154 /* Base */ = {isa = PBXFileReference; lastKnownFileType = file.storyboard; name = Base; path = Base.lproj/LaunchScreen.storyboard; sourceTree = "<group>"; };
		D6D47AD6278EC37C00AF3154 /* Info.plist */ = {isa = PBXFileReference; lastKnownFileType = text.plist.xml; path = Info.plist; sourceTree = "<group>"; };
		D6D47ADC278EC45200AF3154 /* InstagramMainCollectionViewController.swift */ = {isa = PBXFileReference; lastKnownFileType = sourcecode.swift; path = InstagramMainCollectionViewController.swift; sourceTree = "<group>"; };
		D6D47ADE278EC4A000AF3154 /* ImageCollectionViewCell.swift */ = {isa = PBXFileReference; lastKnownFileType = sourcecode.swift; path = ImageCollectionViewCell.swift; sourceTree = "<group>"; };
		D6D47AE0278EDC4C00AF3154 /* InstagramProfileCollectionReusableView.swift */ = {isa = PBXFileReference; lastKnownFileType = sourcecode.swift; path = InstagramProfileCollectionReusableView.swift; sourceTree = "<group>"; };
		D6D47AE2278FBEBD00AF3154 /* APIDataStructure.swift */ = {isa = PBXFileReference; lastKnownFileType = sourcecode.swift; path = APIDataStructure.swift; sourceTree = "<group>"; };
		D6DF031B278FD7AA00C7305B /* InstagramProfileData.swift */ = {isa = PBXFileReference; lastKnownFileType = sourcecode.swift; path = InstagramProfileData.swift; sourceTree = "<group>"; };
		D6DF031D278FD86200C7305B /* InstagramPostData.swift */ = {isa = PBXFileReference; lastKnownFileType = sourcecode.swift; path = InstagramPostData.swift; sourceTree = "<group>"; };
		D6DF03202790098900C7305B /* InstagramPostTableViewController.swift */ = {isa = PBXFileReference; lastKnownFileType = sourcecode.swift; path = InstagramPostTableViewController.swift; sourceTree = "<group>"; };
		D6DF032227900F4F00C7305B /* PostTableViewCell.swift */ = {isa = PBXFileReference; lastKnownFileType = sourcecode.swift; path = PostTableViewCell.swift; sourceTree = "<group>"; };
		D6DF03252791342100C7305B /* TabBarController.swift */ = {isa = PBXFileReference; lastKnownFileType = sourcecode.swift; path = TabBarController.swift; sourceTree = "<group>"; };
/* End PBXFileReference section */

/* Begin PBXFrameworksBuildPhase section */
		D6D47AC2278EC37400AF3154 /* Frameworks */ = {
			isa = PBXFrameworksBuildPhase;
			buildActionMask = 2147483647;
			files = (
			);
			runOnlyForDeploymentPostprocessing = 0;
		};
/* End PBXFrameworksBuildPhase section */

/* Begin PBXGroup section */
		D6D47ABC278EC37400AF3154 = {
			isa = PBXGroup;
			children = (
				D6D47AC7278EC37400AF3154 /* Homework54IGJSON */,
				D6D47AC6278EC37400AF3154 /* Products */,
			);
			sourceTree = "<group>";
		};
		D6D47AC6278EC37400AF3154 /* Products */ = {
			isa = PBXGroup;
			children = (
				D6D47AC5278EC37400AF3154 /* Homework54IGJSON.app */,
			);
			name = Products;
			sourceTree = "<group>";
		};
		D6D47AC7278EC37400AF3154 /* Homework54IGJSON */ = {
			isa = PBXGroup;
			children = (
				D6D47AC8278EC37400AF3154 /* AppDelegate.swift */,
				D6D47ACA278EC37400AF3154 /* SceneDelegate.swift */,
				D6D47ACE278EC37400AF3154 /* Main.storyboard */,
				D6DF032427902BE200C7305B /* Post */,
				D6DF031F279007C800C7305B /* Main */,
				D6D47AE2278FBEBD00AF3154 /* APIDataStructure.swift */,
				D6DF031D278FD86200C7305B /* InstagramPostData.swift */,
				D6DF031B278FD7AA00C7305B /* InstagramProfileData.swift */,
				D6DF03252791342100C7305B /* TabBarController.swift */,
				D6D47AD1278EC37B00AF3154 /* Assets.xcassets */,
				D6D47AD3278EC37B00AF3154 /* LaunchScreen.storyboard */,
				D6D47AD6278EC37C00AF3154 /* Info.plist */,
			);
			path = Homework54IGJSON;
			sourceTree = "<group>";
		};
		D6DF031F279007C800C7305B /* Main */ = {
			isa = PBXGroup;
			children = (
				D6D47AE0278EDC4C00AF3154 /* InstagramProfileCollectionReusableView.swift */,
				D6D47ADE278EC4A000AF3154 /* ImageCollectionViewCell.swift */,
				D6D47ADC278EC45200AF3154 /* InstagramMainCollectionViewController.swift */,
			);
			path = Main;
			sourceTree = "<group>";
		};
		D6DF032427902BE200C7305B /* Post */ = {
			isa = PBXGroup;
			children = (
				D6DF032227900F4F00C7305B /* PostTableViewCell.swift */,
				D6DF03202790098900C7305B /* InstagramPostTableViewController.swift */,
			);
			path = Post;
			sourceTree = "<group>";
		};
/* End PBXGroup section */

/* Begin PBXNativeTarget section */
		D6D47AC4278EC37400AF3154 /* Homework54IGJSON */ = {
			isa = PBXNativeTarget;
			buildConfigurationList = D6D47AD9278EC37C00AF3154 /* Build configuration list for PBXNativeTarget "Homework54IGJSON" */;
			buildPhases = (
				D6D47AC1278EC37400AF3154 /* Sources */,
				D6D47AC2278EC37400AF3154 /* Frameworks */,
				D6D47AC3278EC37400AF3154 /* Resources */,
			);
			buildRules = (
			);
			dependencies = (
			);
			name = Homework54IGJSON;
			productName = Homework54IGJSON;
			productReference = D6D47AC5278EC37400AF3154 /* Homework54IGJSON.app */;
			productType = "com.apple.product-type.application";
		};
/* End PBXNativeTarget section */

/* Begin PBXProject section */
		D6D47ABD278EC37400AF3154 /* Project object */ = {
			isa = PBXProject;
			attributes = {
				BuildIndependentTargetsInParallel = 1;
				LastSwiftUpdateCheck = 1320;
				LastUpgradeCheck = 1320;
				TargetAttributes = {
					D6D47AC4278EC37400AF3154 = {
						CreatedOnToolsVersion = 13.2.1;
					};
				};
			};
			buildConfigurationList = D6D47AC0278EC37400AF3154 /* Build configuration list for PBXProject "Homework54IGJSON" */;
			compatibilityVersion = "Xcode 13.0";
			developmentRegion = en;
			hasScannedForEncodings = 0;
			knownRegions = (
				en,
				Base,
			);
			mainGroup = D6D47ABC278EC37400AF3154;
			productRefGroup = D6D47AC6278EC37400AF3154 /* Products */;
			projectDirPath = "";
			projectRoot = "";
			targets = (
				D6D47AC4278EC37400AF3154 /* Homework54IGJSON */,
			);
		};
/* End PBXProject section */

/* Begin PBXResourcesBuildPhase section */
		D6D47AC3278EC37400AF3154 /* Resources */ = {
			isa = PBXResourcesBuildPhase;
			buildActionMask = 2147483647;
			files = (
				D6D47AD5278EC37B00AF3154 /* LaunchScreen.storyboard in Resources */,
				D6D47AD2278EC37B00AF3154 /* Assets.xcassets in Resources */,
				D6D47AD0278EC37400AF3154 /* Main.storyboard in Resources */,
			);
			runOnlyForDeploymentPostprocessing = 0;
		};
/* End PBXResourcesBuildPhase section */

/* Begin PBXSourcesBuildPhase section */
		D6D47AC1278EC37400AF3154 /* Sources */ = {
			isa = PBXSourcesBuildPhase;
			buildActionMask = 2147483647;
			files = (
				D6D47AC9278EC37400AF3154 /* AppDelegate.swift in Sources */,
				D6DF031C278FD7AA00C7305B /* InstagramProfileData.swift in Sources */,
				D6DF03262791342100C7305B /* TabBarController.swift in Sources */,
				D6D47ACB278EC37400AF3154 /* SceneDelegate.swift in Sources */,
				D6D47ADF278EC4A000AF3154 /* ImageCollectionViewCell.swift in Sources */,
				D6D47ADD278EC45200AF3154 /* InstagramMainCollectionViewController.swift in Sources */,
				D6DF031E278FD86200C7305B /* InstagramPostData.swift in Sources */,
				D6D47AE3278FBEBE00AF3154 /* APIDataStructure.swift in Sources */,
				D6DF032327900F4F00C7305B /* PostTableViewCell.swift in Sources */,
				D6DF03212790098900C7305B /* InstagramPostTableViewController.swift in Sources */,
				D6D47AE1278EDC4D00AF3154 /* InstagramProfileCollectionReusableView.swift in Sources */,
			);
			runOnlyForDeploymentPostprocessing = 0;
		};
/* End PBXSourcesBuildPhase section */

/* Begin PBXVariantGroup section */
		D6D47ACE278EC37400AF3154 /* Main.storyboard */ = {
			isa = PBXVariantGroup;
			children = (
				D6D47ACF278EC37400AF3154 /* Base */,
			);
			name = Main.storyboard;
			sourceTree = "<group>";
		};
		D6D47AD3278EC37B00AF3154 /* LaunchScreen.storyboard */ = {
			isa = PBXVariantGroup;
			children = (
				D6D47AD4278EC37B00AF3154 /* Base */,
			);
			name = LaunchScreen.storyboard;
			sourceTree = "<group>";
		};
/* End PBXVariantGroup section */

/* Begin XCBuildConfiguration section */
		D6D47AD7278EC37C00AF3154 /* Debug */ = {
			isa = XCBuildConfiguration;
			buildSettings = {
				ALWAYS_SEARCH_USER_PATHS = NO;
				CLANG_ANALYZER_NONNULL = YES;
				CLANG_ANALYZER_NUMBER_OBJECT_CONVERSION = YES_AGGRESSIVE;
				CLANG_CXX_LANGUAGE_STANDARD = "gnu++17";
				CLANG_CXX_LIBRARY = "libc++";
				CLANG_ENABLE_MODULES = YES;
				CLANG_ENABLE_OBJC_ARC = YES;
				CLANG_ENABLE_OBJC_WEAK = YES;
				CLANG_WARN_BLOCK_CAPTURE_AUTORELEASING = YES;
				CLANG_WARN_BOOL_CONVERSION = YES;
				CLANG_WARN_COMMA = YES;
				CLANG_WARN_CONSTANT_CONVERSION = YES;
				CLANG_WARN_DEPRECATED_OBJC_IMPLEMENTATIONS = YES;
				CLANG_WARN_DIRECT_OBJC_ISA_USAGE = YES_ERROR;
				CLANG_WARN_DOCUMENTATION_COMMENTS = YES;
				CLANG_WARN_EMPTY_BODY = YES;
				CLANG_WARN_ENUM_CONVERSION = YES;
				CLANG_WARN_INFINITE_RECURSION = YES;
				CLANG_WARN_INT_CONVERSION = YES;
				CLANG_WARN_NON_LITERAL_NULL_CONVERSION = YES;
				CLANG_WARN_OBJC_IMPLICIT_RETAIN_SELF = YES;
				CLANG_WARN_OBJC_LITERAL_CONVERSION = YES;
				CLANG_WARN_OBJC_ROOT_CLASS = YES_ERROR;
				CLANG_WARN_QUOTED_INCLUDE_IN_FRAMEWORK_HEADER = YES;
				CLANG_WARN_RANGE_LOOP_ANALYSIS = YES;
				CLANG_WARN_STRICT_PROTOTYPES = YES;
				CLANG_WARN_SUSPICIOUS_MOVE = YES;
				CLANG_WARN_UNGUARDED_AVAILABILITY = YES_AGGRESSIVE;
				CLANG_WARN_UNREACHABLE_CODE = YES;
				CLANG_WARN__DUPLICATE_METHOD_MATCH = YES;
				COPY_PHASE_STRIP = NO;
				DEBUG_INFORMATION_FORMAT = dwarf;
				ENABLE_STRICT_OBJC_MSGSEND = YES;
				ENABLE_TESTABILITY = YES;
				GCC_C_LANGUAGE_STANDARD = gnu11;
				GCC_DYNAMIC_NO_PIC = NO;
				GCC_NO_COMMON_BLOCKS = YES;
				GCC_OPTIMIZATION_LEVEL = 0;
				GCC_PREPROCESSOR_DEFINITIONS = (
					"DEBUG=1",
					"$(inherited)",
				);
				GCC_WARN_64_TO_32_BIT_CONVERSION = YES;
				GCC_WARN_ABOUT_RETURN_TYPE = YES_ERROR;
				GCC_WARN_UNDECLARED_SELECTOR = YES;
				GCC_WARN_UNINITIALIZED_AUTOS = YES_AGGRESSIVE;
				GCC_WARN_UNUSED_FUNCTION = YES;
				GCC_WARN_UNUSED_VARIABLE = YES;
				IPHONEOS_DEPLOYMENT_TARGET = 15.2;
				MTL_ENABLE_DEBUG_INFO = INCLUDE_SOURCE;
				MTL_FAST_MATH = YES;
				ONLY_ACTIVE_ARCH = YES;
				SDKROOT = iphoneos;
				SWIFT_ACTIVE_COMPILATION_CONDITIONS = DEBUG;
				SWIFT_OPTIMIZATION_LEVEL = "-Onone";
			};
			name = Debug;
		};
		D6D47AD8278EC37C00AF3154 /* Release */ = {
			isa = XCBuildConfiguration;
			buildSettings = {
				ALWAYS_SEARCH_USER_PATHS = NO;
				CLANG_ANALYZER_NONNULL = YES;
				CLANG_ANALYZER_NUMBER_OBJECT_CONVERSION = YES_AGGRESSIVE;
				CLANG_CXX_LANGUAGE_STANDARD = "gnu++17";
				CLANG_CXX_LIBRARY = "libc++";
				CLANG_ENABLE_MODULES = YES;
				CLANG_ENABLE_OBJC_ARC = YES;
				CLANG_ENABLE_OBJC_WEAK = YES;
				CLANG_WARN_BLOCK_CAPTURE_AUTORELEASING = YES;
				CLANG_WARN_BOOL_CONVERSION = YES;
				CLANG_WARN_COMMA = YES;
				CLANG_WARN_CONSTANT_CONVERSION = YES;
				CLANG_WARN_DEPRECATED_OBJC_IMPLEMENTATIONS = YES;
				CLANG_WARN_DIRECT_OBJC_ISA_USAGE = YES_ERROR;
				CLANG_WARN_DOCUMENTATION_COMMENTS = YES;
				CLANG_WARN_EMPTY_BODY = YES;
				CLANG_WARN_ENUM_CONVERSION = YES;
				CLANG_WARN_INFINITE_RECURSION = YES;
				CLANG_WARN_INT_CONVERSION = YES;
				CLANG_WARN_NON_LITERAL_NULL_CONVERSION = YES;
				CLANG_WARN_OBJC_IMPLICIT_RETAIN_SELF = YES;
				CLANG_WARN_OBJC_LITERAL_CONVERSION = YES;
				CLANG_WARN_OBJC_ROOT_CLASS = YES_ERROR;
				CLANG_WARN_QUOTED_INCLUDE_IN_FRAMEWORK_HEADER = YES;
				CLANG_WARN_RANGE_LOOP_ANALYSIS = YES;
				CLANG_WARN_STRICT_PROTOTYPES = YES;
				CLANG_WARN_SUSPICIOUS_MOVE = YES;
				CLANG_WARN_UNGUARDED_AVAILABILITY = YES_AGGRESSIVE;
				CLANG_WARN_UNREACHABLE_CODE = YES;
				CLANG_WARN__DUPLICATE_METHOD_MATCH = YES;
				COPY_PHASE_STRIP = NO;
				DEBUG_INFORMATION_FORMAT = "dwarf-with-dsym";
				ENABLE_NS_ASSERTIONS = NO;
				ENABLE_STRICT_OBJC_MSGSEND = YES;
				GCC_C_LANGUAGE_STANDARD = gnu11;
				GCC_NO_COMMON_BLOCKS = YES;
				GCC_WARN_64_TO_32_BIT_CONVERSION = YES;
				GCC_WARN_ABOUT_RETURN_TYPE = YES_ERROR;
				GCC_WARN_UNDECLARED_SELECTOR = YES;
				GCC_WARN_UNINITIALIZED_AUTOS = YES_AGGRESSIVE;
				GCC_WARN_UNUSED_FUNCTION = YES;
				GCC_WARN_UNUSED_VARIABLE = YES;
				IPHONEOS_DEPLOYMENT_TARGET = 15.2;
				MTL_ENABLE_DEBUG_INFO = NO;
				MTL_FAST_MATH = YES;
				SDKROOT = iphoneos;
				SWIFT_COMPILATION_MODE = wholemodule;
				SWIFT_OPTIMIZATION_LEVEL = "-O";
				VALIDATE_PRODUCT = YES;
			};
			name = Release;
		};
		D6D47ADA278EC37C00AF3154 /* Debug */ = {
			isa = XCBuildConfiguration;
			buildSettings = {
				ASSETCATALOG_COMPILER_APPICON_NAME = AppIcon;
				ASSETCATALOG_COMPILER_GLOBAL_ACCENT_COLOR_NAME = AccentColor;
				CODE_SIGN_STYLE = Automatic;
				CURRENT_PROJECT_VERSION = 1;
				DEVELOPMENT_TEAM = F25SU568R8;
				GENERATE_INFOPLIST_FILE = YES;
				INFOPLIST_FILE = Homework54IGJSON/Info.plist;
				INFOPLIST_KEY_UIApplicationSupportsIndirectInputEvents = YES;
				INFOPLIST_KEY_UILaunchStoryboardName = LaunchScreen;
				INFOPLIST_KEY_UIMainStoryboardFile = Main;
				INFOPLIST_KEY_UISupportedInterfaceOrientations_iPad = "UIInterfaceOrientationPortrait UIInterfaceOrientationPortraitUpsideDown UIInterfaceOrientationLandscapeLeft UIInterfaceOrientationLandscapeRight";
				INFOPLIST_KEY_UISupportedInterfaceOrientations_iPhone = "UIInterfaceOrientationPortrait UIInterfaceOrientationLandscapeLeft UIInterfaceOrientationLandscapeRight";
				LD_RUNPATH_SEARCH_PATHS = (
					"$(inherited)",
					"@executable_path/Frameworks",
				);
				MARKETING_VERSION = 1.0;
				PRODUCT_BUNDLE_IDENTIFIER = learnIOS.Homework54IGJSON;
				PRODUCT_NAME = "$(TARGET_NAME)";
				SWIFT_EMIT_LOC_STRINGS = YES;
				SWIFT_VERSION = 5.0;
				TARGETED_DEVICE_FAMILY = "1,2";
			};
			name = Debug;
		};
		D6D47ADB278EC37C00AF3154 /* Release */ = {
			isa = XCBuildConfiguration;
			buildSettings = {
				ASSETCATALOG_COMPILER_APPICON_NAME = AppIcon;
				ASSETCATALOG_COMPILER_GLOBAL_ACCENT_COLOR_NAME = AccentColor;
				CODE_SIGN_STYLE = Automatic;
				CURRENT_PROJECT_VERSION = 1;
				DEVELOPMENT_TEAM = F25SU568R8;
				GENERATE_INFOPLIST_FILE = YES;
				INFOPLIST_FILE = Homework54IGJSON/Info.plist;
				INFOPLIST_KEY_UIApplicationSupportsIndirectInputEvents = YES;
				INFOPLIST_KEY_UILaunchStoryboardName = LaunchScreen;
				INFOPLIST_KEY_UIMainStoryboardFile = Main;
				INFOPLIST_KEY_UISupportedInterfaceOrientations_iPad = "UIInterfaceOrientationPortrait UIInterfaceOrientationPortraitUpsideDown UIInterfaceOrientationLandscapeLeft UIInterfaceOrientationLandscapeRight";
				INFOPLIST_KEY_UISupportedInterfaceOrientations_iPhone = "UIInterfaceOrientationPortrait UIInterfaceOrientationLandscapeLeft UIInterfaceOrientationLandscapeRight";
				LD_RUNPATH_SEARCH_PATHS = (
					"$(inherited)",
					"@executable_path/Frameworks",
				);
				MARKETING_VERSION = 1.0;
				PRODUCT_BUNDLE_IDENTIFIER = learnIOS.Homework54IGJSON;
				PRODUCT_NAME = "$(TARGET_NAME)";
				SWIFT_EMIT_LOC_STRINGS = YES;
				SWIFT_VERSION = 5.0;
				TARGETED_DEVICE_FAMILY = "1,2";
			};
			name = Release;
		};
/* End XCBuildConfiguration section */

/* Begin XCConfigurationList section */
		D6D47AC0278EC37400AF3154 /* Build configuration list for PBXProject "Homework54IGJSON" */ = {
			isa = XCConfigurationList;
			buildConfigurations = (
				D6D47AD7278EC37C00AF3154 /* Debug */,
				D6D47AD8278EC37C00AF3154 /* Release */,
			);
			defaultConfigurationIsVisible = 0;
			defaultConfigurationName = Release;
		};
		D6D47AD9278EC37C00AF3154 /* Build configuration list for PBXNativeTarget "Homework54IGJSON" */ = {
			isa = XCConfigurationList;
			buildConfigurations = (
				D6D47ADA278EC37C00AF3154 /* Debug */,
				D6D47ADB278EC37C00AF3154 /* Release */,
			);
			defaultConfigurationIsVisible = 0;
			defaultConfigurationName = Release;
		};
/* End XCConfigurationList section */
	};
	rootObject = D6D47ABD278EC37400AF3154 /* Project object */;
}
